// !$*UTF8*$!
{
	archiveVersion = 1;
	classes = {
	};
	objectVersion = 46;
	objects = {
/* Begin PBXBuildFile section */
		0207DA581B56EA530066E2B4 /* Images.xcassets in Resources */ = {isa = PBXBuildFile; fileRef = 0207DA571B56EA530066E2B4 /* Images.xcassets */; };
		1D3623260D0F684500981E51 /* AppDelegate.m in Sources */ = {isa = PBXBuildFile; fileRef = 1D3623250D0F684500981E51 /* AppDelegate.m */; };
		1D60589B0D05DD56006BFB54 /* main.m in Sources */ = {isa = PBXBuildFile; fileRef = 29B97316FDCFA39411CA2CEA /* main.m */; };
		301BF552109A68D80062928A /* libCordova.a in Frameworks */ = {isa = PBXBuildFile; fileRef = 301BF535109A57CC0062928A /* libCordova.a */; };
		302D95F114D2391D003F00A1 /* MainViewController.m in Sources */ = {isa = PBXBuildFile; fileRef = 302D95EF14D2391D003F00A1 /* MainViewController.m */; };
		302D95F214D2391D003F00A1 /* MainViewController.xib in Resources */ = {isa = PBXBuildFile; fileRef = 302D95F014D2391D003F00A1 /* MainViewController.xib */; };
		3047A5121AB8059700498E2A /* build-debug.xcconfig in Resources */ = {isa = PBXBuildFile; fileRef = 3047A50F1AB8059700498E2A /* build-debug.xcconfig */; };
		3047A5131AB8059700498E2A /* build-release.xcconfig in Resources */ = {isa = PBXBuildFile; fileRef = 3047A5101AB8059700498E2A /* build-release.xcconfig */; };
		3047A5141AB8059700498E2A /* build.xcconfig in Resources */ = {isa = PBXBuildFile; fileRef = 3047A5111AB8059700498E2A /* build.xcconfig */; };
		6AFF5BF91D6E424B00AB3073 /* CDVLaunchScreen.storyboard in Resources */ = {isa = PBXBuildFile; fileRef = 6AFF5BF81D6E424B00AB3073 /* CDVLaunchScreen.storyboard */; };
		0A1FF61093EE4803937962F1 /* UIImage+CropScaleOrientation.m in Sources */ = {isa = PBXBuildFile; fileRef = 0CE96DAB805B4506A5521E6A /* UIImage+CropScaleOrientation.m */; };
		573698E3DC32496A861BB99B /* CDVCamera.m in Sources */ = {isa = PBXBuildFile; fileRef = B66682CBCAD44B439CAE39DA /* CDVCamera.m */; };
		1C9FF7DE29204781BBDD80AD /* CDVJpegHeaderWriter.m in Sources */ = {isa = PBXBuildFile; fileRef = 2CB95845DF9B4F9788D548C4 /* CDVJpegHeaderWriter.m */; };
		5ACA247620AA43D0B65840D2 /* ImageIO.framework in Frameworks */ = {isa = PBXBuildFile; fileRef = CFFF7D6CE9A0413AA7F2599D /* ImageIO.framework */; settings = {ATTRIBUTES = (Weak, ); }; };
		93C6D1C32EB041DC90883F1C /* CoreLocation.framework in Frameworks */ = {isa = PBXBuildFile; fileRef = BAD6C397CC28434CB3AB98B3 /* CoreLocation.framework */; };
		7EEF05845280496D9AAE08EC /* AVFoundation.framework in Frameworks */ = {isa = PBXBuildFile; fileRef = FAC6C43976E74191A28CB0F0 /* AVFoundation.framework */; };
		F31B9D424F11481E87B084AD /* CDVLocation.m in Sources */ = {isa = PBXBuildFile; fileRef = 660AD94B1EE9463B92FC2A5B /* CDVLocation.m */; };
		28A659549B494CAD855B3EF2 /* CDVWKWebViewEngine.m in Sources */ = {isa = PBXBuildFile; fileRef = 4CF877A934ED46FE8F669391 /* CDVWKWebViewEngine.m */; };
		24CA44C548BA40DD8AF1E882 /* CDVWKWebViewUIDelegate.m in Sources */ = {isa = PBXBuildFile; fileRef = ACC15A1A94CF4702A5CFD02C /* CDVWKWebViewUIDelegate.m */; };
		841B9A992D6849B181B9965E /* CDVWKProcessPoolFactory.m in Sources */ = {isa = PBXBuildFile; fileRef = F242F82DC3214EDBB205DF41 /* CDVWKProcessPoolFactory.m */; };
		A72B92312CFF48978F927027 /* WebKit.framework in Frameworks */ = {isa = PBXBuildFile; fileRef = 56DDD183A6344EBCA59DBA40 /* WebKit.framework */; settings = {ATTRIBUTES = (Weak, ); }; };
		46D3F8B7CD044C96B1632CB3 /* WebAppLocalServer.swift in Sources */ = {isa = PBXBuildFile; fileRef = 608E2F7C2E904A28A62FFCB9 /* WebAppLocalServer.swift */; };
		ACF9DA754254410E89FD1E7A /* WebAppConfiguration.swift in Sources */ = {isa = PBXBuildFile; fileRef = 19152F1E133142D6B1AD4AC1 /* WebAppConfiguration.swift */; };
		9F0F43F837414AA6B0124C89 /* AssetBundleManager.swift in Sources */ = {isa = PBXBuildFile; fileRef = FE97B4C3249A426D9D74752F /* AssetBundleManager.swift */; };
		0D9FD4709C144940944362AD /* AssetBundle.swift in Sources */ = {isa = PBXBuildFile; fileRef = 1BF6C0D8740E4E1F9CE28CEB /* AssetBundle.swift */; };
		FDBE0A1DFC1D45EAB3980325 /* Asset.swift in Sources */ = {isa = PBXBuildFile; fileRef = 5420F9EE0B964D77811BDD33 /* Asset.swift */; };
		E428F3B3546546F581D790AB /* AssetBundleDownloader.swift in Sources */ = {isa = PBXBuildFile; fileRef = 85E2BBFCA7DD45D69AD6F280 /* AssetBundleDownloader.swift */; };
		91290F0A637A4F579A9D7A7D /* AssetManifest.swift in Sources */ = {isa = PBXBuildFile; fileRef = D035F60A3639489CBC8262CB /* AssetManifest.swift */; };
		E12B7B10E35A4D7EA2A230FC /* Errors.swift in Sources */ = {isa = PBXBuildFile; fileRef = D35CBC201C8A409D90FF772B /* Errors.swift */; };
		AD971F5AD0394393939E9580 /* Utility.swift in Sources */ = {isa = PBXBuildFile; fileRef = 54653B4594664F9E8BB01806 /* Utility.swift */; };
		E5512FC00FE14476B88AA5BD /* METPlugin.m in Sources */ = {isa = PBXBuildFile; fileRef = FB3E4E360DCC40F8AB880052 /* METPlugin.m */; };
		8EA044159AE0467BA3234FCC /* METTimer.m in Sources */ = {isa = PBXBuildFile; fileRef = 440847CBA38B45ACAFED54E0 /* METTimer.m */; };
		A7EFE6D9979C447E9A2C3DCB /* METRetryStrategy.m in Sources */ = {isa = PBXBuildFile; fileRef = 43AA9A7FF36E4C49B422EEBC /* METRetryStrategy.m */; };
		F362BF2533464D8DBD500AB8 /* METNetworkReachabilityManager.m in Sources */ = {isa = PBXBuildFile; fileRef = 39D540346DDA4DC7930C527B /* METNetworkReachabilityManager.m */; };
		37A80229AD80457781B6479F /* METRandomValueGenerator.m in Sources */ = {isa = PBXBuildFile; fileRef = 239B37E4610743BE92F545A9 /* METRandomValueGenerator.m */; };
		9E765E8E744B4BE9A5608EBA /* GCDWebServer.m in Sources */ = {isa = PBXBuildFile; fileRef = D319F20EEF3849158E5D606F /* GCDWebServer.m */; };
		D5E1BF71F6E34D289FD8CFC3 /* GCDWebServerConnection.m in Sources */ = {isa = PBXBuildFile; fileRef = 0FFFDBFE0A3B4F3891C056E1 /* GCDWebServerConnection.m */; };
		481BBC3DC8884EB18DE98E13 /* GCDWebServerFunctions.m in Sources */ = {isa = PBXBuildFile; fileRef = E5C042B89D114389B042F4FD /* GCDWebServerFunctions.m */; };
		986569790700472E9C52B68E /* GCDWebServerRequest.m in Sources */ = {isa = PBXBuildFile; fileRef = BA2C4EF4A09140D99E329E8F /* GCDWebServerRequest.m */; };
		4B9874B5B4CA400DA0B6E8C3 /* GCDWebServerResponse.m in Sources */ = {isa = PBXBuildFile; fileRef = 7B0F37249FEC4374ABF57031 /* GCDWebServerResponse.m */; };
		90F001880D1F42E7A602A584 /* GCDWebServerDataRequest.m in Sources */ = {isa = PBXBuildFile; fileRef = CAC9596D0F9F411182891803 /* GCDWebServerDataRequest.m */; };
		44EB9C8C3B734D0AA0399384 /* GCDWebServerFileRequest.m in Sources */ = {isa = PBXBuildFile; fileRef = 3151FC2BCA3B464199D843D6 /* GCDWebServerFileRequest.m */; };
		2E9F61357EF5482CAA81CA92 /* GCDWebServerMultiPartFormRequest.m in Sources */ = {isa = PBXBuildFile; fileRef = AF7C2921EFEE4E6C8D362887 /* GCDWebServerMultiPartFormRequest.m */; };
		ABA1E5D277A24E97A0993A6B /* GCDWebServerURLEncodedFormRequest.m in Sources */ = {isa = PBXBuildFile; fileRef = 4CBFD4203C444BFD93CF08DF /* GCDWebServerURLEncodedFormRequest.m */; };
		CC650F626F804714A3D30BF5 /* GCDWebServerDataResponse.m in Sources */ = {isa = PBXBuildFile; fileRef = D136F7A8A52B40F4BE111933 /* GCDWebServerDataResponse.m */; };
		B2D087658D3C4A579A8366D4 /* GCDWebServerErrorResponse.m in Sources */ = {isa = PBXBuildFile; fileRef = 60140058A03F4F75A229DD77 /* GCDWebServerErrorResponse.m */; };
		955B2D0731F343DCB00BB998 /* GCDWebServerFileResponse.m in Sources */ = {isa = PBXBuildFile; fileRef = 8FEBB64CF66B4B039E7AC645 /* GCDWebServerFileResponse.m */; };
		5AF01707CE744438A176E035 /* GCDWebServerStreamedResponse.m in Sources */ = {isa = PBXBuildFile; fileRef = CD2879701E5F45ECA5285BF1 /* GCDWebServerStreamedResponse.m */; };
		9151E0E2FFB643B09C86DD6D /* CFNetwork.framework in Frameworks */ = {isa = PBXBuildFile; fileRef = 7D91CE8919E841F48CE7CF49 /* CFNetwork.framework */; };
		481A4B9E432544DCABA4879B /* libz.dylib in Frameworks */ = {isa = PBXBuildFile; fileRef = 43A1E7A7EE744FABA9A5D8ED /* libz.dylib */; };
		BD87F58181704E9682A6D494 /* CDVStatusBar.m in Sources */ = {isa = PBXBuildFile; fileRef = 30FB111621D34C43B09F2933 /* CDVStatusBar.m */; };
/* End PBXBuildFile section */

/* Begin PBXContainerItemProxy section */
		301BF534109A57CC0062928A /* PBXContainerItemProxy */ = {
			isa = PBXContainerItemProxy;
			containerPortal = 301BF52D109A57CC0062928A /* CordovaLib.xcodeproj */;
			proxyType = 2;
			remoteGlobalIDString = D2AAC07E0554694100DB518D;
			remoteInfo = CordovaLib;
		};
		301BF550109A68C00062928A /* PBXContainerItemProxy */ = {
			isa = PBXContainerItemProxy;
			containerPortal = 301BF52D109A57CC0062928A /* CordovaLib.xcodeproj */;
			proxyType = 1;
			remoteGlobalIDString = D2AAC07D0554694100DB518D;
			remoteInfo = CordovaLib;
		};
/* End PBXContainerItemProxy section */

/* Begin PBXFileReference section */
		0207DA571B56EA530066E2B4 /* Images.xcassets */ = {isa = PBXFileReference; lastKnownFileType = folder.assetcatalog; name = Images.xcassets; path = "Just adit online/Images.xcassets"; sourceTree = SOURCE_ROOT; };
		1D3623240D0F684500981E51 /* AppDelegate.h */ = {isa = PBXFileReference; fileEncoding = 4; lastKnownFileType = sourcecode.c.h; path = AppDelegate.h; sourceTree = "<group>"; };
		1D3623250D0F684500981E51 /* AppDelegate.m */ = {isa = PBXFileReference; fileEncoding = 4; lastKnownFileType = sourcecode.c.objc; path = AppDelegate.m; sourceTree = "<group>"; };
		1D6058910D05DD3D006BFB54 /* Just adit online.app */ = {isa = PBXFileReference; explicitFileType = wrapper.application; includeInIndex = 0; path = "Just adit online.app"; sourceTree = BUILT_PRODUCTS_DIR; };
		29B97316FDCFA39411CA2CEA /* main.m */ = {isa = PBXFileReference; fileEncoding = 4; lastKnownFileType = sourcecode.c.objc; path = main.m; sourceTree = "<group>"; };
		301BF52D109A57CC0062928A /* CordovaLib.xcodeproj */ = {isa = PBXFileReference; lastKnownFileType = "wrapper.pb-project"; path = CordovaLib/CordovaLib.xcodeproj; sourceTree = "<group>"; };
		301BF56E109A69640062928A /* www */ = {isa = PBXFileReference; lastKnownFileType = folder; path = www; sourceTree = SOURCE_ROOT; };
		302D95EE14D2391D003F00A1 /* MainViewController.h */ = {isa = PBXFileReference; fileEncoding = 4; lastKnownFileType = sourcecode.c.h; path = MainViewController.h; sourceTree = "<group>"; };
		302D95EF14D2391D003F00A1 /* MainViewController.m */ = {isa = PBXFileReference; fileEncoding = 4; lastKnownFileType = sourcecode.c.objc; path = MainViewController.m; sourceTree = "<group>"; };
		302D95F014D2391D003F00A1 /* MainViewController.xib */ = {isa = PBXFileReference; fileEncoding = 4; lastKnownFileType = file.xib; path = MainViewController.xib; sourceTree = "<group>"; };
		3047A50F1AB8059700498E2A /* build-debug.xcconfig */ = {isa = PBXFileReference; fileEncoding = 4; lastKnownFileType = text.xcconfig; name = "build-debug.xcconfig"; path = cordova/build-debug.xcconfig; sourceTree = SOURCE_ROOT; };
		3047A5101AB8059700498E2A /* build-release.xcconfig */ = {isa = PBXFileReference; fileEncoding = 4; lastKnownFileType = text.xcconfig; name = "build-release.xcconfig"; path = cordova/build-release.xcconfig; sourceTree = SOURCE_ROOT; };
		3047A5111AB8059700498E2A /* build.xcconfig */ = {isa = PBXFileReference; fileEncoding = 4; lastKnownFileType = text.xcconfig; name = build.xcconfig; path = cordova/build.xcconfig; sourceTree = SOURCE_ROOT; };
		32CA4F630368D1EE00C91783 /* Just adit online-Prefix.pch */ = {isa = PBXFileReference; fileEncoding = 4; lastKnownFileType = sourcecode.c.h; path = "Just adit online-Prefix.pch"; sourceTree = "<group>"; };
		6AFF5BF81D6E424B00AB3073 /* CDVLaunchScreen.storyboard */ = {isa = PBXFileReference; fileEncoding = 4; lastKnownFileType = file.storyboard; name = CDVLaunchScreen.storyboard; path = "Just adit online/CDVLaunchScreen.storyboard"; sourceTree = SOURCE_ROOT; };
		8D1107310486CEB800E47090 /* Just adit online-Info.plist */ = {isa = PBXFileReference; fileEncoding = 4; lastKnownFileType = text.plist.xml; name = "Just adit online-Info.plist"; path = "Just adit online/Just adit online-Info.plist"; plistStructureDefinitionIdentifier = "com.apple.xcode.plist.structure-definition.iphone.info-plist"; sourceTree = SOURCE_ROOT; };
		EB87FDF31871DA8E0020F90C /* www */ = {isa = PBXFileReference; lastKnownFileType = folder; name = www; path = ../../www; sourceTree = "<group>"; };
		EB87FDF41871DAF40020F90C /* config.xml */ = {isa = PBXFileReference; lastKnownFileType = text.xml; name = config.xml; path = ../../config.xml; sourceTree = "<group>"; };
		F840E1F0165FE0F500CFE078 /* config.xml */ = {isa = PBXFileReference; lastKnownFileType = text.xml; name = config.xml; path = "Just adit online/config.xml"; sourceTree = "<group>"; };
		ED33DF2A687741AEAF9F8254 /* Bridging-Header.h */ = {isa = PBXFileReference; fileEncoding = 4; lastKnownFileType = sourcecode.c.h; name = "Bridging-Header.h"; path = "Bridging-Header.h"; sourceTree = "<group>"; };
		0CE96DAB805B4506A5521E6A /* UIImage+CropScaleOrientation.m */ = {isa = PBXFileReference; name = "UIImage+CropScaleOrientation.m"; path = "cordova-plugin-camera/UIImage+CropScaleOrientation.m"; sourceTree = "<group>"; fileEncoding = 4; lastKnownFileType = sourcecode.c.objc; explicitFileType = undefined; includeInIndex = 0; };
		B66682CBCAD44B439CAE39DA /* CDVCamera.m */ = {isa = PBXFileReference; name = "CDVCamera.m"; path = "cordova-plugin-camera/CDVCamera.m"; sourceTree = "<group>"; fileEncoding = 4; lastKnownFileType = sourcecode.c.objc; explicitFileType = undefined; includeInIndex = 0; };
		2CB95845DF9B4F9788D548C4 /* CDVJpegHeaderWriter.m */ = {isa = PBXFileReference; name = "CDVJpegHeaderWriter.m"; path = "cordova-plugin-camera/CDVJpegHeaderWriter.m"; sourceTree = "<group>"; fileEncoding = 4; lastKnownFileType = sourcecode.c.objc; explicitFileType = undefined; includeInIndex = 0; };
		9D3D57292CC644F9B1A1FD54 /* UIImage+CropScaleOrientation.h */ = {isa = PBXFileReference; name = "UIImage+CropScaleOrientation.h"; path = "cordova-plugin-camera/UIImage+CropScaleOrientation.h"; sourceTree = "<group>"; fileEncoding = 4; lastKnownFileType = sourcecode.c.h; explicitFileType = undefined; includeInIndex = 0; };
		CEDC399AC9824819AF94CDC9 /* CDVCamera.h */ = {isa = PBXFileReference; name = "CDVCamera.h"; path = "cordova-plugin-camera/CDVCamera.h"; sourceTree = "<group>"; fileEncoding = 4; lastKnownFileType = sourcecode.c.h; explicitFileType = undefined; includeInIndex = 0; };
		B5206C028AFB47A78957C8ED /* CDVJpegHeaderWriter.h */ = {isa = PBXFileReference; name = "CDVJpegHeaderWriter.h"; path = "cordova-plugin-camera/CDVJpegHeaderWriter.h"; sourceTree = "<group>"; fileEncoding = 4; lastKnownFileType = sourcecode.c.h; explicitFileType = undefined; includeInIndex = 0; };
		045424EEB2024DD7BCC819B7 /* CDVExif.h */ = {isa = PBXFileReference; name = "CDVExif.h"; path = "cordova-plugin-camera/CDVExif.h"; sourceTree = "<group>"; fileEncoding = 4; lastKnownFileType = sourcecode.c.h; explicitFileType = undefined; includeInIndex = 0; };
		CFFF7D6CE9A0413AA7F2599D /* ImageIO.framework */ = {isa = PBXFileReference; name = "ImageIO.framework"; path = "System/Library/Frameworks/ImageIO.framework"; sourceTree = SDKROOT; fileEncoding = undefined; lastKnownFileType = wrapper.framework; explicitFileType = undefined; includeInIndex = 0; };
		BAD6C397CC28434CB3AB98B3 /* CoreLocation.framework */ = {isa = PBXFileReference; name = "CoreLocation.framework"; path = "System/Library/Frameworks/CoreLocation.framework"; sourceTree = SDKROOT; fileEncoding = undefined; lastKnownFileType = wrapper.framework; explicitFileType = undefined; includeInIndex = 0; };
		FAC6C43976E74191A28CB0F0 /* AVFoundation.framework */ = {isa = PBXFileReference; name = "AVFoundation.framework"; path = "System/Library/Frameworks/AVFoundation.framework"; sourceTree = SDKROOT; fileEncoding = undefined; lastKnownFileType = wrapper.framework; explicitFileType = undefined; includeInIndex = 0; };
		660AD94B1EE9463B92FC2A5B /* CDVLocation.m */ = {isa = PBXFileReference; name = "CDVLocation.m"; path = "cordova-plugin-geolocation/CDVLocation.m"; sourceTree = "<group>"; fileEncoding = 4; lastKnownFileType = sourcecode.c.objc; explicitFileType = undefined; includeInIndex = 0; };
		1BD4B290F25C41E1BB2CD306 /* CDVLocation.h */ = {isa = PBXFileReference; name = "CDVLocation.h"; path = "cordova-plugin-geolocation/CDVLocation.h"; sourceTree = "<group>"; fileEncoding = 4; lastKnownFileType = sourcecode.c.h; explicitFileType = undefined; includeInIndex = 0; };
		4CF877A934ED46FE8F669391 /* CDVWKWebViewEngine.m */ = {isa = PBXFileReference; name = "CDVWKWebViewEngine.m"; path = "cordova-plugin-wkwebview-engine/CDVWKWebViewEngine.m"; sourceTree = "<group>"; fileEncoding = 4; lastKnownFileType = sourcecode.c.objc; explicitFileType = undefined; includeInIndex = 0; };
		ACC15A1A94CF4702A5CFD02C /* CDVWKWebViewUIDelegate.m */ = {isa = PBXFileReference; name = "CDVWKWebViewUIDelegate.m"; path = "cordova-plugin-wkwebview-engine/CDVWKWebViewUIDelegate.m"; sourceTree = "<group>"; fileEncoding = 4; lastKnownFileType = sourcecode.c.objc; explicitFileType = undefined; includeInIndex = 0; };
		F242F82DC3214EDBB205DF41 /* CDVWKProcessPoolFactory.m */ = {isa = PBXFileReference; name = "CDVWKProcessPoolFactory.m"; path = "cordova-plugin-wkwebview-engine/CDVWKProcessPoolFactory.m"; sourceTree = "<group>"; fileEncoding = 4; lastKnownFileType = sourcecode.c.objc; explicitFileType = undefined; includeInIndex = 0; };
		0881CD9A2EC84200AC35828A /* CDVWKWebViewEngine.h */ = {isa = PBXFileReference; name = "CDVWKWebViewEngine.h"; path = "cordova-plugin-wkwebview-engine/CDVWKWebViewEngine.h"; sourceTree = "<group>"; fileEncoding = 4; lastKnownFileType = sourcecode.c.h; explicitFileType = undefined; includeInIndex = 0; };
		385CF41690344B6DBF95CDC2 /* CDVWKWebViewUIDelegate.h */ = {isa = PBXFileReference; name = "CDVWKWebViewUIDelegate.h"; path = "cordova-plugin-wkwebview-engine/CDVWKWebViewUIDelegate.h"; sourceTree = "<group>"; fileEncoding = 4; lastKnownFileType = sourcecode.c.h; explicitFileType = undefined; includeInIndex = 0; };
		B763D52D98D2461BB6B7DC23 /* CDVWKProcessPoolFactory.h */ = {isa = PBXFileReference; name = "CDVWKProcessPoolFactory.h"; path = "cordova-plugin-wkwebview-engine/CDVWKProcessPoolFactory.h"; sourceTree = "<group>"; fileEncoding = 4; lastKnownFileType = sourcecode.c.h; explicitFileType = undefined; includeInIndex = 0; };
		56DDD183A6344EBCA59DBA40 /* WebKit.framework */ = {isa = PBXFileReference; name = "WebKit.framework"; path = "System/Library/Frameworks/WebKit.framework"; sourceTree = SDKROOT; fileEncoding = undefined; lastKnownFileType = wrapper.framework; explicitFileType = undefined; includeInIndex = 0; };
		608E2F7C2E904A28A62FFCB9 /* WebAppLocalServer.swift */ = {isa = PBXFileReference; name = "WebAppLocalServer.swift"; path = "cordova-plugin-meteor-webapp/WebAppLocalServer.swift"; sourceTree = "<group>"; fileEncoding = 4; lastKnownFileType = sourcecode.swift; explicitFileType = undefined; includeInIndex = 0; };
		19152F1E133142D6B1AD4AC1 /* WebAppConfiguration.swift */ = {isa = PBXFileReference; name = "WebAppConfiguration.swift"; path = "cordova-plugin-meteor-webapp/WebAppConfiguration.swift"; sourceTree = "<group>"; fileEncoding = 4; lastKnownFileType = sourcecode.swift; explicitFileType = undefined; includeInIndex = 0; };
		FE97B4C3249A426D9D74752F /* AssetBundleManager.swift */ = {isa = PBXFileReference; name = "AssetBundleManager.swift"; path = "cordova-plugin-meteor-webapp/AssetBundleManager.swift"; sourceTree = "<group>"; fileEncoding = 4; lastKnownFileType = sourcecode.swift; explicitFileType = undefined; includeInIndex = 0; };
		1BF6C0D8740E4E1F9CE28CEB /* AssetBundle.swift */ = {isa = PBXFileReference; name = "AssetBundle.swift"; path = "cordova-plugin-meteor-webapp/AssetBundle.swift"; sourceTree = "<group>"; fileEncoding = 4; lastKnownFileType = sourcecode.swift; explicitFileType = undefined; includeInIndex = 0; };
		5420F9EE0B964D77811BDD33 /* Asset.swift */ = {isa = PBXFileReference; name = "Asset.swift"; path = "cordova-plugin-meteor-webapp/Asset.swift"; sourceTree = "<group>"; fileEncoding = 4; lastKnownFileType = sourcecode.swift; explicitFileType = undefined; includeInIndex = 0; };
		85E2BBFCA7DD45D69AD6F280 /* AssetBundleDownloader.swift */ = {isa = PBXFileReference; name = "AssetBundleDownloader.swift"; path = "cordova-plugin-meteor-webapp/AssetBundleDownloader.swift"; sourceTree = "<group>"; fileEncoding = 4; lastKnownFileType = sourcecode.swift; explicitFileType = undefined; includeInIndex = 0; };
		D035F60A3639489CBC8262CB /* AssetManifest.swift */ = {isa = PBXFileReference; name = "AssetManifest.swift"; path = "cordova-plugin-meteor-webapp/AssetManifest.swift"; sourceTree = "<group>"; fileEncoding = 4; lastKnownFileType = sourcecode.swift; explicitFileType = undefined; includeInIndex = 0; };
		D35CBC201C8A409D90FF772B /* Errors.swift */ = {isa = PBXFileReference; name = "Errors.swift"; path = "cordova-plugin-meteor-webapp/Errors.swift"; sourceTree = "<group>"; fileEncoding = 4; lastKnownFileType = sourcecode.swift; explicitFileType = undefined; includeInIndex = 0; };
		54653B4594664F9E8BB01806 /* Utility.swift */ = {isa = PBXFileReference; name = "Utility.swift"; path = "cordova-plugin-meteor-webapp/Utility.swift"; sourceTree = "<group>"; fileEncoding = 4; lastKnownFileType = sourcecode.swift; explicitFileType = undefined; includeInIndex = 0; };
		FB3E4E360DCC40F8AB880052 /* METPlugin.m */ = {isa = PBXFileReference; name = "METPlugin.m"; path = "cordova-plugin-meteor-webapp/METPlugin.m"; sourceTree = "<group>"; fileEncoding = 4; lastKnownFileType = sourcecode.c.objc; explicitFileType = undefined; includeInIndex = 0; };
		440847CBA38B45ACAFED54E0 /* METTimer.m */ = {isa = PBXFileReference; name = "METTimer.m"; path = "cordova-plugin-meteor-webapp/METTimer.m"; sourceTree = "<group>"; fileEncoding = 4; lastKnownFileType = sourcecode.c.objc; explicitFileType = undefined; includeInIndex = 0; };
		43AA9A7FF36E4C49B422EEBC /* METRetryStrategy.m */ = {isa = PBXFileReference; name = "METRetryStrategy.m"; path = "cordova-plugin-meteor-webapp/METRetryStrategy.m"; sourceTree = "<group>"; fileEncoding = 4; lastKnownFileType = sourcecode.c.objc; explicitFileType = undefined; includeInIndex = 0; };
		39D540346DDA4DC7930C527B /* METNetworkReachabilityManager.m */ = {isa = PBXFileReference; name = "METNetworkReachabilityManager.m"; path = "cordova-plugin-meteor-webapp/METNetworkReachabilityManager.m"; sourceTree = "<group>"; fileEncoding = 4; lastKnownFileType = sourcecode.c.objc; explicitFileType = undefined; includeInIndex = 0; };
		239B37E4610743BE92F545A9 /* METRandomValueGenerator.m */ = {isa = PBXFileReference; name = "METRandomValueGenerator.m"; path = "cordova-plugin-meteor-webapp/METRandomValueGenerator.m"; sourceTree = "<group>"; fileEncoding = 4; lastKnownFileType = sourcecode.c.objc; explicitFileType = undefined; includeInIndex = 0; };
		D319F20EEF3849158E5D606F /* GCDWebServer.m */ = {isa = PBXFileReference; name = "GCDWebServer.m"; path = "cordova-plugin-meteor-webapp/GCDWebServer.m"; sourceTree = "<group>"; fileEncoding = 4; lastKnownFileType = sourcecode.c.objc; explicitFileType = undefined; includeInIndex = 0; };
		0FFFDBFE0A3B4F3891C056E1 /* GCDWebServerConnection.m */ = {isa = PBXFileReference; name = "GCDWebServerConnection.m"; path = "cordova-plugin-meteor-webapp/GCDWebServerConnection.m"; sourceTree = "<group>"; fileEncoding = 4; lastKnownFileType = sourcecode.c.objc; explicitFileType = undefined; includeInIndex = 0; };
		E5C042B89D114389B042F4FD /* GCDWebServerFunctions.m */ = {isa = PBXFileReference; name = "GCDWebServerFunctions.m"; path = "cordova-plugin-meteor-webapp/GCDWebServerFunctions.m"; sourceTree = "<group>"; fileEncoding = 4; lastKnownFileType = sourcecode.c.objc; explicitFileType = undefined; includeInIndex = 0; };
		BA2C4EF4A09140D99E329E8F /* GCDWebServerRequest.m */ = {isa = PBXFileReference; name = "GCDWebServerRequest.m"; path = "cordova-plugin-meteor-webapp/GCDWebServerRequest.m"; sourceTree = "<group>"; fileEncoding = 4; lastKnownFileType = sourcecode.c.objc; explicitFileType = undefined; includeInIndex = 0; };
		7B0F37249FEC4374ABF57031 /* GCDWebServerResponse.m */ = {isa = PBXFileReference; name = "GCDWebServerResponse.m"; path = "cordova-plugin-meteor-webapp/GCDWebServerResponse.m"; sourceTree = "<group>"; fileEncoding = 4; lastKnownFileType = sourcecode.c.objc; explicitFileType = undefined; includeInIndex = 0; };
		CAC9596D0F9F411182891803 /* GCDWebServerDataRequest.m */ = {isa = PBXFileReference; name = "GCDWebServerDataRequest.m"; path = "cordova-plugin-meteor-webapp/GCDWebServerDataRequest.m"; sourceTree = "<group>"; fileEncoding = 4; lastKnownFileType = sourcecode.c.objc; explicitFileType = undefined; includeInIndex = 0; };
		3151FC2BCA3B464199D843D6 /* GCDWebServerFileRequest.m */ = {isa = PBXFileReference; name = "GCDWebServerFileRequest.m"; path = "cordova-plugin-meteor-webapp/GCDWebServerFileRequest.m"; sourceTree = "<group>"; fileEncoding = 4; lastKnownFileType = sourcecode.c.objc; explicitFileType = undefined; includeInIndex = 0; };
		AF7C2921EFEE4E6C8D362887 /* GCDWebServerMultiPartFormRequest.m */ = {isa = PBXFileReference; name = "GCDWebServerMultiPartFormRequest.m"; path = "cordova-plugin-meteor-webapp/GCDWebServerMultiPartFormRequest.m"; sourceTree = "<group>"; fileEncoding = 4; lastKnownFileType = sourcecode.c.objc; explicitFileType = undefined; includeInIndex = 0; };
		4CBFD4203C444BFD93CF08DF /* GCDWebServerURLEncodedFormRequest.m */ = {isa = PBXFileReference; name = "GCDWebServerURLEncodedFormRequest.m"; path = "cordova-plugin-meteor-webapp/GCDWebServerURLEncodedFormRequest.m"; sourceTree = "<group>"; fileEncoding = 4; lastKnownFileType = sourcecode.c.objc; explicitFileType = undefined; includeInIndex = 0; };
		D136F7A8A52B40F4BE111933 /* GCDWebServerDataResponse.m */ = {isa = PBXFileReference; name = "GCDWebServerDataResponse.m"; path = "cordova-plugin-meteor-webapp/GCDWebServerDataResponse.m"; sourceTree = "<group>"; fileEncoding = 4; lastKnownFileType = sourcecode.c.objc; explicitFileType = undefined; includeInIndex = 0; };
		60140058A03F4F75A229DD77 /* GCDWebServerErrorResponse.m */ = {isa = PBXFileReference; name = "GCDWebServerErrorResponse.m"; path = "cordova-plugin-meteor-webapp/GCDWebServerErrorResponse.m"; sourceTree = "<group>"; fileEncoding = 4; lastKnownFileType = sourcecode.c.objc; explicitFileType = undefined; includeInIndex = 0; };
		8FEBB64CF66B4B039E7AC645 /* GCDWebServerFileResponse.m */ = {isa = PBXFileReference; name = "GCDWebServerFileResponse.m"; path = "cordova-plugin-meteor-webapp/GCDWebServerFileResponse.m"; sourceTree = "<group>"; fileEncoding = 4; lastKnownFileType = sourcecode.c.objc; explicitFileType = undefined; includeInIndex = 0; };
		CD2879701E5F45ECA5285BF1 /* GCDWebServerStreamedResponse.m */ = {isa = PBXFileReference; name = "GCDWebServerStreamedResponse.m"; path = "cordova-plugin-meteor-webapp/GCDWebServerStreamedResponse.m"; sourceTree = "<group>"; fileEncoding = 4; lastKnownFileType = sourcecode.c.objc; explicitFileType = undefined; includeInIndex = 0; };
		515737DA02954CCA91FB786B /* cordova-plugin-meteor-webapp-Bridging-Header.h */ = {isa = PBXFileReference; name = "cordova-plugin-meteor-webapp-Bridging-Header.h"; path = "cordova-plugin-meteor-webapp/cordova-plugin-meteor-webapp-Bridging-Header.h"; sourceTree = "<group>"; fileEncoding = 4; lastKnownFileType = sourcecode.c.h; explicitFileType = undefined; includeInIndex = 0; };
		CA8110AE1561408C8C7CCB87 /* METPlugin.h */ = {isa = PBXFileReference; name = "METPlugin.h"; path = "cordova-plugin-meteor-webapp/METPlugin.h"; sourceTree = "<group>"; fileEncoding = 4; lastKnownFileType = sourcecode.c.h; explicitFileType = undefined; includeInIndex = 0; };
		34855D47FD7845C8B34A28FB /* METTimer.h */ = {isa = PBXFileReference; name = "METTimer.h"; path = "cordova-plugin-meteor-webapp/METTimer.h"; sourceTree = "<group>"; fileEncoding = 4; lastKnownFileType = sourcecode.c.h; explicitFileType = undefined; includeInIndex = 0; };
		0EFE1B4903174077AF68692A /* METRetryStrategy.h */ = {isa = PBXFileReference; name = "METRetryStrategy.h"; path = "cordova-plugin-meteor-webapp/METRetryStrategy.h"; sourceTree = "<group>"; fileEncoding = 4; lastKnownFileType = sourcecode.c.h; explicitFileType = undefined; includeInIndex = 0; };
		276754E5B84E408898665DB7 /* METNetworkReachabilityManager.h */ = {isa = PBXFileReference; name = "METNetworkReachabilityManager.h"; path = "cordova-plugin-meteor-webapp/METNetworkReachabilityManager.h"; sourceTree = "<group>"; fileEncoding = 4; lastKnownFileType = sourcecode.c.h; explicitFileType = undefined; includeInIndex = 0; };
		49DB0BCE76B647438FA599B4 /* METRandomValueGenerator.h */ = {isa = PBXFileReference; name = "METRandomValueGenerator.h"; path = "cordova-plugin-meteor-webapp/METRandomValueGenerator.h"; sourceTree = "<group>"; fileEncoding = 4; lastKnownFileType = sourcecode.c.h; explicitFileType = undefined; includeInIndex = 0; };
		3C34767C1E6E42CB85466F9C /* GCDWebServer.h */ = {isa = PBXFileReference; name = "GCDWebServer.h"; path = "cordova-plugin-meteor-webapp/GCDWebServer.h"; sourceTree = "<group>"; fileEncoding = 4; lastKnownFileType = sourcecode.c.h; explicitFileType = undefined; includeInIndex = 0; };
		AA66FAFC7A1C4A9A87949D53 /* GCDWebServerConnection.h */ = {isa = PBXFileReference; name = "GCDWebServerConnection.h"; path = "cordova-plugin-meteor-webapp/GCDWebServerConnection.h"; sourceTree = "<group>"; fileEncoding = 4; lastKnownFileType = sourcecode.c.h; explicitFileType = undefined; includeInIndex = 0; };
		05ED09B8F1FE4558B6F071F1 /* GCDWebServerFunctions.h */ = {isa = PBXFileReference; name = "GCDWebServerFunctions.h"; path = "cordova-plugin-meteor-webapp/GCDWebServerFunctions.h"; sourceTree = "<group>"; fileEncoding = 4; lastKnownFileType = sourcecode.c.h; explicitFileType = undefined; includeInIndex = 0; };
		A365257DFDBF4914AE9AC890 /* GCDWebServerHTTPStatusCodes.h */ = {isa = PBXFileReference; name = "GCDWebServerHTTPStatusCodes.h"; path = "cordova-plugin-meteor-webapp/GCDWebServerHTTPStatusCodes.h"; sourceTree = "<group>"; fileEncoding = 4; lastKnownFileType = sourcecode.c.h; explicitFileType = undefined; includeInIndex = 0; };
		64AA7CBB457E4CA6A31F970F /* GCDWebServerPrivate.h */ = {isa = PBXFileReference; name = "GCDWebServerPrivate.h"; path = "cordova-plugin-meteor-webapp/GCDWebServerPrivate.h"; sourceTree = "<group>"; fileEncoding = 4; lastKnownFileType = sourcecode.c.h; explicitFileType = undefined; includeInIndex = 0; };
		D23BBCBF7C4046BE89FDEECE /* GCDWebServerRequest.h */ = {isa = PBXFileReference; name = "GCDWebServerRequest.h"; path = "cordova-plugin-meteor-webapp/GCDWebServerRequest.h"; sourceTree = "<group>"; fileEncoding = 4; lastKnownFileType = sourcecode.c.h; explicitFileType = undefined; includeInIndex = 0; };
		CBEE1854C2F243DE8454D49A /* GCDWebServerResponse.h */ = {isa = PBXFileReference; name = "GCDWebServerResponse.h"; path = "cordova-plugin-meteor-webapp/GCDWebServerResponse.h"; sourceTree = "<group>"; fileEncoding = 4; lastKnownFileType = sourcecode.c.h; explicitFileType = undefined; includeInIndex = 0; };
		2E69A37E42194F37B8FD4692 /* GCDWebServerDataRequest.h */ = {isa = PBXFileReference; name = "GCDWebServerDataRequest.h"; path = "cordova-plugin-meteor-webapp/GCDWebServerDataRequest.h"; sourceTree = "<group>"; fileEncoding = 4; lastKnownFileType = sourcecode.c.h; explicitFileType = undefined; includeInIndex = 0; };
		40D800A12BED42F2AA2FB6C4 /* GCDWebServerFileRequest.h */ = {isa = PBXFileReference; name = "GCDWebServerFileRequest.h"; path = "cordova-plugin-meteor-webapp/GCDWebServerFileRequest.h"; sourceTree = "<group>"; fileEncoding = 4; lastKnownFileType = sourcecode.c.h; explicitFileType = undefined; includeInIndex = 0; };
		240DE35B69B14CB5B298CA3B /* GCDWebServerMultiPartFormRequest.h */ = {isa = PBXFileReference; name = "GCDWebServerMultiPartFormRequest.h"; path = "cordova-plugin-meteor-webapp/GCDWebServerMultiPartFormRequest.h"; sourceTree = "<group>"; fileEncoding = 4; lastKnownFileType = sourcecode.c.h; explicitFileType = undefined; includeInIndex = 0; };
		D05A44C6AA0D44D997FB729C /* GCDWebServerURLEncodedFormRequest.h */ = {isa = PBXFileReference; name = "GCDWebServerURLEncodedFormRequest.h"; path = "cordova-plugin-meteor-webapp/GCDWebServerURLEncodedFormRequest.h"; sourceTree = "<group>"; fileEncoding = 4; lastKnownFileType = sourcecode.c.h; explicitFileType = undefined; includeInIndex = 0; };
		976028A13A2346608453FA66 /* GCDWebServerDataResponse.h */ = {isa = PBXFileReference; name = "GCDWebServerDataResponse.h"; path = "cordova-plugin-meteor-webapp/GCDWebServerDataResponse.h"; sourceTree = "<group>"; fileEncoding = 4; lastKnownFileType = sourcecode.c.h; explicitFileType = undefined; includeInIndex = 0; };
		2CDB3E3BFB62433B8A0F7DDF /* GCDWebServerErrorResponse.h */ = {isa = PBXFileReference; name = "GCDWebServerErrorResponse.h"; path = "cordova-plugin-meteor-webapp/GCDWebServerErrorResponse.h"; sourceTree = "<group>"; fileEncoding = 4; lastKnownFileType = sourcecode.c.h; explicitFileType = undefined; includeInIndex = 0; };
		45E8B8C32CAE437285B935F5 /* GCDWebServerFileResponse.h */ = {isa = PBXFileReference; name = "GCDWebServerFileResponse.h"; path = "cordova-plugin-meteor-webapp/GCDWebServerFileResponse.h"; sourceTree = "<group>"; fileEncoding = 4; lastKnownFileType = sourcecode.c.h; explicitFileType = undefined; includeInIndex = 0; };
		8DFF230D65964C508AD47117 /* GCDWebServerStreamedResponse.h */ = {isa = PBXFileReference; name = "GCDWebServerStreamedResponse.h"; path = "cordova-plugin-meteor-webapp/GCDWebServerStreamedResponse.h"; sourceTree = "<group>"; fileEncoding = 4; lastKnownFileType = sourcecode.c.h; explicitFileType = undefined; includeInIndex = 0; };
		7D91CE8919E841F48CE7CF49 /* CFNetwork.framework */ = {isa = PBXFileReference; name = "CFNetwork.framework"; path = "System/Library/Frameworks/CFNetwork.framework"; sourceTree = SDKROOT; fileEncoding = undefined; lastKnownFileType = wrapper.framework; explicitFileType = undefined; includeInIndex = 0; };
		43A1E7A7EE744FABA9A5D8ED /* libz.dylib */ = {isa = PBXFileReference; name = "libz.dylib"; path = "usr/lib/libz.dylib"; sourceTree = SDKROOT; fileEncoding = undefined; lastKnownFileType = compiled.mach-o.dylib; explicitFileType = undefined; includeInIndex = 0; };
		30FB111621D34C43B09F2933 /* CDVStatusBar.m */ = {isa = PBXFileReference; name = "CDVStatusBar.m"; path = "cordova-plugin-statusbar/CDVStatusBar.m"; sourceTree = "<group>"; fileEncoding = 4; lastKnownFileType = sourcecode.c.objc; explicitFileType = undefined; includeInIndex = 0; };
		48E4F86A18AC43049785EB2B /* CDVStatusBar.h */ = {isa = PBXFileReference; name = "CDVStatusBar.h"; path = "cordova-plugin-statusbar/CDVStatusBar.h"; sourceTree = "<group>"; fileEncoding = 4; lastKnownFileType = sourcecode.c.h; explicitFileType = undefined; includeInIndex = 0; };
/* End PBXFileReference section */

/* Begin PBXFrameworksBuildPhase section */
		1D60588F0D05DD3D006BFB54 /* Frameworks */ = {
			isa = PBXFrameworksBuildPhase;
			buildActionMask = 2147483647;
			files = (
				301BF552109A68D80062928A /* libCordova.a in Frameworks */,
				5ACA247620AA43D0B65840D2 /* ImageIO.framework in Frameworks */,
				93C6D1C32EB041DC90883F1C /* CoreLocation.framework in Frameworks */,
				7EEF05845280496D9AAE08EC /* AVFoundation.framework in Frameworks */,
				A72B92312CFF48978F927027 /* WebKit.framework in Frameworks */,
				9151E0E2FFB643B09C86DD6D /* CFNetwork.framework in Frameworks */,
				481A4B9E432544DCABA4879B /* libz.dylib in Frameworks */,
			);
			runOnlyForDeploymentPostprocessing = 0;
		};
/* End PBXFrameworksBuildPhase section */

/* Begin PBXGroup section */
		080E96DDFE201D6D7F000001 /* Classes */ = {
			isa = PBXGroup;
			children = (
				302D95EE14D2391D003F00A1 /* MainViewController.h */,
				302D95EF14D2391D003F00A1 /* MainViewController.m */,
				302D95F014D2391D003F00A1 /* MainViewController.xib */,
				1D3623240D0F684500981E51 /* AppDelegate.h */,
				1D3623250D0F684500981E51 /* AppDelegate.m */,
			);
			name = Classes;
			path = "Just adit online/Classes";
			sourceTree = SOURCE_ROOT;
		};
		19C28FACFE9D520D11CA2CBB /* Products */ = {
			isa = PBXGroup;
			children = (
				1D6058910D05DD3D006BFB54 /* Just adit online.app */,
			);
			name = Products;
			sourceTree = "<group>";
		};
		29B97314FDCFA39411CA2CEA /* CustomTemplate */ = {
			isa = PBXGroup;
			children = (
				EB87FDF41871DAF40020F90C /* config.xml */,
				EB87FDF31871DA8E0020F90C /* www */,
				EB87FDF11871DA420020F90C /* Staging */,
				301BF52D109A57CC0062928A /* CordovaLib.xcodeproj */,
				080E96DDFE201D6D7F000001 /* Classes */,
				307C750510C5A3420062BCA9 /* Plugins */,
				29B97315FDCFA39411CA2CEA /* Other Sources */,
				29B97317FDCFA39411CA2CEA /* Resources */,
				29B97323FDCFA39411CA2CEA /* Frameworks */,
				19C28FACFE9D520D11CA2CBB /* Products */,
			);
			name = CustomTemplate;
			sourceTree = "<group>";
		};
		29B97315FDCFA39411CA2CEA /* Other Sources */ = {
			isa = PBXGroup;
			children = (
				32CA4F630368D1EE00C91783 /* Just adit online-Prefix.pch */,
				29B97316FDCFA39411CA2CEA /* main.m */,
				ED33DF2A687741AEAF9F8254 /* Bridging-Header.h */,
			);
			name = "Other Sources";
			path = "Just adit online";
			sourceTree = "<group>";
		};
		29B97317FDCFA39411CA2CEA /* Resources */ = {
			isa = PBXGroup;
			children = (
				0207DA571B56EA530066E2B4 /* Images.xcassets */,
				3047A50E1AB8057F00498E2A /* config */,
				8D1107310486CEB800E47090 /* Just adit online-Info.plist */,
				6AFF5BF81D6E424B00AB3073 /* CDVLaunchScreen.storyboard */,
			);
			name = Resources;
			path = "Just adit online/Resources";
			sourceTree = "<group>";
		};
		29B97323FDCFA39411CA2CEA /* Frameworks */ = {
			isa = PBXGroup;
			children = (
				CFFF7D6CE9A0413AA7F2599D /* ImageIO.framework */,
				BAD6C397CC28434CB3AB98B3 /* CoreLocation.framework */,
				FAC6C43976E74191A28CB0F0 /* AVFoundation.framework */,
				56DDD183A6344EBCA59DBA40 /* WebKit.framework */,
				7D91CE8919E841F48CE7CF49 /* CFNetwork.framework */,
				43A1E7A7EE744FABA9A5D8ED /* libz.dylib */,
			);
			name = Frameworks;
			sourceTree = "<group>";
		};
		301BF52E109A57CC0062928A /* Products */ = {
			isa = PBXGroup;
			children = (
				301BF535109A57CC0062928A /* libCordova.a */,
			);
			name = Products;
			sourceTree = "<group>";
		};
		3047A50E1AB8057F00498E2A /* config */ = {
			isa = PBXGroup;
			children = (
				3047A50F1AB8059700498E2A /* build-debug.xcconfig */,
				3047A5101AB8059700498E2A /* build-release.xcconfig */,
				3047A5111AB8059700498E2A /* build.xcconfig */,
			);
			name = config;
			sourceTree = "<group>";
		};
		307C750510C5A3420062BCA9 /* Plugins */ = {
			isa = PBXGroup;
			children = (
				0CE96DAB805B4506A5521E6A /* UIImage+CropScaleOrientation.m */,
				B66682CBCAD44B439CAE39DA /* CDVCamera.m */,
				2CB95845DF9B4F9788D548C4 /* CDVJpegHeaderWriter.m */,
				9D3D57292CC644F9B1A1FD54 /* UIImage+CropScaleOrientation.h */,
				CEDC399AC9824819AF94CDC9 /* CDVCamera.h */,
				B5206C028AFB47A78957C8ED /* CDVJpegHeaderWriter.h */,
				045424EEB2024DD7BCC819B7 /* CDVExif.h */,
				660AD94B1EE9463B92FC2A5B /* CDVLocation.m */,
				1BD4B290F25C41E1BB2CD306 /* CDVLocation.h */,
				4CF877A934ED46FE8F669391 /* CDVWKWebViewEngine.m */,
				ACC15A1A94CF4702A5CFD02C /* CDVWKWebViewUIDelegate.m */,
				F242F82DC3214EDBB205DF41 /* CDVWKProcessPoolFactory.m */,
				0881CD9A2EC84200AC35828A /* CDVWKWebViewEngine.h */,
				385CF41690344B6DBF95CDC2 /* CDVWKWebViewUIDelegate.h */,
				B763D52D98D2461BB6B7DC23 /* CDVWKProcessPoolFactory.h */,
				608E2F7C2E904A28A62FFCB9 /* WebAppLocalServer.swift */,
				19152F1E133142D6B1AD4AC1 /* WebAppConfiguration.swift */,
				FE97B4C3249A426D9D74752F /* AssetBundleManager.swift */,
				1BF6C0D8740E4E1F9CE28CEB /* AssetBundle.swift */,
				5420F9EE0B964D77811BDD33 /* Asset.swift */,
				85E2BBFCA7DD45D69AD6F280 /* AssetBundleDownloader.swift */,
				D035F60A3639489CBC8262CB /* AssetManifest.swift */,
				D35CBC201C8A409D90FF772B /* Errors.swift */,
				54653B4594664F9E8BB01806 /* Utility.swift */,
				FB3E4E360DCC40F8AB880052 /* METPlugin.m */,
				440847CBA38B45ACAFED54E0 /* METTimer.m */,
				43AA9A7FF36E4C49B422EEBC /* METRetryStrategy.m */,
				39D540346DDA4DC7930C527B /* METNetworkReachabilityManager.m */,
				239B37E4610743BE92F545A9 /* METRandomValueGenerator.m */,
				D319F20EEF3849158E5D606F /* GCDWebServer.m */,
				0FFFDBFE0A3B4F3891C056E1 /* GCDWebServerConnection.m */,
				E5C042B89D114389B042F4FD /* GCDWebServerFunctions.m */,
				BA2C4EF4A09140D99E329E8F /* GCDWebServerRequest.m */,
				7B0F37249FEC4374ABF57031 /* GCDWebServerResponse.m */,
				CAC9596D0F9F411182891803 /* GCDWebServerDataRequest.m */,
				3151FC2BCA3B464199D843D6 /* GCDWebServerFileRequest.m */,
				AF7C2921EFEE4E6C8D362887 /* GCDWebServerMultiPartFormRequest.m */,
				4CBFD4203C444BFD93CF08DF /* GCDWebServerURLEncodedFormRequest.m */,
				D136F7A8A52B40F4BE111933 /* GCDWebServerDataResponse.m */,
				60140058A03F4F75A229DD77 /* GCDWebServerErrorResponse.m */,
				8FEBB64CF66B4B039E7AC645 /* GCDWebServerFileResponse.m */,
				CD2879701E5F45ECA5285BF1 /* GCDWebServerStreamedResponse.m */,
				515737DA02954CCA91FB786B /* cordova-plugin-meteor-webapp-Bridging-Header.h */,
				CA8110AE1561408C8C7CCB87 /* METPlugin.h */,
				34855D47FD7845C8B34A28FB /* METTimer.h */,
				0EFE1B4903174077AF68692A /* METRetryStrategy.h */,
				276754E5B84E408898665DB7 /* METNetworkReachabilityManager.h */,
				49DB0BCE76B647438FA599B4 /* METRandomValueGenerator.h */,
				3C34767C1E6E42CB85466F9C /* GCDWebServer.h */,
				AA66FAFC7A1C4A9A87949D53 /* GCDWebServerConnection.h */,
				05ED09B8F1FE4558B6F071F1 /* GCDWebServerFunctions.h */,
				A365257DFDBF4914AE9AC890 /* GCDWebServerHTTPStatusCodes.h */,
				64AA7CBB457E4CA6A31F970F /* GCDWebServerPrivate.h */,
				D23BBCBF7C4046BE89FDEECE /* GCDWebServerRequest.h */,
				CBEE1854C2F243DE8454D49A /* GCDWebServerResponse.h */,
				2E69A37E42194F37B8FD4692 /* GCDWebServerDataRequest.h */,
				40D800A12BED42F2AA2FB6C4 /* GCDWebServerFileRequest.h */,
				240DE35B69B14CB5B298CA3B /* GCDWebServerMultiPartFormRequest.h */,
				D05A44C6AA0D44D997FB729C /* GCDWebServerURLEncodedFormRequest.h */,
				976028A13A2346608453FA66 /* GCDWebServerDataResponse.h */,
				2CDB3E3BFB62433B8A0F7DDF /* GCDWebServerErrorResponse.h */,
				45E8B8C32CAE437285B935F5 /* GCDWebServerFileResponse.h */,
				8DFF230D65964C508AD47117 /* GCDWebServerStreamedResponse.h */,
				30FB111621D34C43B09F2933 /* CDVStatusBar.m */,
				48E4F86A18AC43049785EB2B /* CDVStatusBar.h */,
			);
			name = Plugins;
			path = "Just adit online/Plugins";
			sourceTree = SOURCE_ROOT;
		};
		EB87FDF11871DA420020F90C /* Staging */ = {
			isa = PBXGroup;
			children = (
				F840E1F0165FE0F500CFE078 /* config.xml */,
				301BF56E109A69640062928A /* www */,
			);
			name = Staging;
			sourceTree = "<group>";
		};
/* End PBXGroup section */

/* Begin PBXNativeTarget section */
		1D6058900D05DD3D006BFB54 /* Just adit online */ = {
			isa = PBXNativeTarget;
			buildConfigurationList = 1D6058960D05DD3E006BFB54 /* Build configuration list for PBXNativeTarget "Just adit online" */;
			buildPhases = (
				304B58A110DAC018002A0835 /* Copy www directory */,
				1D60588D0D05DD3D006BFB54 /* Resources */,
				1D60588E0D05DD3D006BFB54 /* Sources */,
				1D60588F0D05DD3D006BFB54 /* Frameworks */,
			);
			buildRules = (
			);
			dependencies = (
				301BF551109A68C00062928A /* PBXTargetDependency */,
			);
			name = "Just adit online";
			productName = "Just adit online";
			productReference = 1D6058910D05DD3D006BFB54 /* Just adit online.app */;
			productType = "com.apple.product-type.application";
		};
/* End PBXNativeTarget section */

/* Begin PBXProject section */
		29B97313FDCFA39411CA2CEA /* Project object */ = {
			isa = PBXProject;
			attributes = {
				LastUpgradeCheck = 510;
			};
			buildConfigurationList = C01FCF4E08A954540054247B /* Build configuration list for PBXProject "__NON-CLI__" */;
			compatibilityVersion = "Xcode 3.2";
			developmentRegion = English;
			hasScannedForEncodings = 1;
			mainGroup = 29B97314FDCFA39411CA2CEA /* CustomTemplate */;
			projectDirPath = "";
			projectReferences = (
				{
					ProductGroup = 301BF52E109A57CC0062928A /* Products */;
					ProjectRef = 301BF52D109A57CC0062928A /* CordovaLib.xcodeproj */;
				},
			);
			projectRoot = "";
			targets = (
				1D6058900D05DD3D006BFB54 /* Just adit online */,
			);
		};
/* End PBXProject section */

/* Begin PBXReferenceProxy section */
		301BF535109A57CC0062928A /* libCordova.a */ = {
			isa = PBXReferenceProxy;
			fileType = archive.ar;
			path = libCordova.a;
			remoteRef = 301BF534109A57CC0062928A /* PBXContainerItemProxy */;
			sourceTree = BUILT_PRODUCTS_DIR;
		};
/* End PBXReferenceProxy section */

/* Begin PBXResourcesBuildPhase section */
		1D60588D0D05DD3D006BFB54 /* Resources */ = {
			isa = PBXResourcesBuildPhase;
			buildActionMask = 2147483647;
			files = (
				302D95F214D2391D003F00A1 /* MainViewController.xib in Resources */,
				0207DA581B56EA530066E2B4 /* Images.xcassets in Resources */,
				6AFF5BF91D6E424B00AB3073 /* CDVLaunchScreen.storyboard in Resources */,
			);
			runOnlyForDeploymentPostprocessing = 0;
		};
/* End PBXResourcesBuildPhase section */

/* Begin PBXShellScriptBuildPhase section */
		304B58A110DAC018002A0835 /* Copy www directory */ = {
			isa = PBXShellScriptBuildPhase;
			buildActionMask = 2147483647;
			files = (
			);
			inputPaths = (
			);
			name = "Copy www directory";
			outputPaths = (
			);
			runOnlyForDeploymentPostprocessing = 0;
			shellPath = /bin/sh;
			shellScript = "NODEJS_PATH=/usr/local/bin; NVM_NODE_PATH=~/.nvm/versions/node/`nvm version 2>/dev/null`/bin; N_NODE_PATH=`find /usr/local/n/versions/node/* -maxdepth 0 -type d 2>/dev/null | tail -1`/bin; XCODE_NODE_PATH=`xcode-select --print-path`/usr/share/xcs/Node/bin; PATH=$NODEJS_PATH:$NVM_NODE_PATH:$N_NODE_PATH:$XCODE_NODE_PATH:$PATH && node cordova/lib/copy-www-build-step.js";
			showEnvVarsInLog = 0;
		};
/* End PBXShellScriptBuildPhase section */

/* Begin PBXSourcesBuildPhase section */
		1D60588E0D05DD3D006BFB54 /* Sources */ = {
			isa = PBXSourcesBuildPhase;
			buildActionMask = 2147483647;
			files = (
				1D60589B0D05DD56006BFB54 /* main.m in Sources */,
				1D3623260D0F684500981E51 /* AppDelegate.m in Sources */,
				302D95F114D2391D003F00A1 /* MainViewController.m in Sources */,
				0A1FF61093EE4803937962F1 /* UIImage+CropScaleOrientation.m in Sources */,
				573698E3DC32496A861BB99B /* CDVCamera.m in Sources */,
				1C9FF7DE29204781BBDD80AD /* CDVJpegHeaderWriter.m in Sources */,
				F31B9D424F11481E87B084AD /* CDVLocation.m in Sources */,
				28A659549B494CAD855B3EF2 /* CDVWKWebViewEngine.m in Sources */,
				24CA44C548BA40DD8AF1E882 /* CDVWKWebViewUIDelegate.m in Sources */,
				841B9A992D6849B181B9965E /* CDVWKProcessPoolFactory.m in Sources */,
				46D3F8B7CD044C96B1632CB3 /* WebAppLocalServer.swift in Sources */,
				ACF9DA754254410E89FD1E7A /* WebAppConfiguration.swift in Sources */,
				9F0F43F837414AA6B0124C89 /* AssetBundleManager.swift in Sources */,
				0D9FD4709C144940944362AD /* AssetBundle.swift in Sources */,
				FDBE0A1DFC1D45EAB3980325 /* Asset.swift in Sources */,
				E428F3B3546546F581D790AB /* AssetBundleDownloader.swift in Sources */,
				91290F0A637A4F579A9D7A7D /* AssetManifest.swift in Sources */,
				E12B7B10E35A4D7EA2A230FC /* Errors.swift in Sources */,
				AD971F5AD0394393939E9580 /* Utility.swift in Sources */,
				E5512FC00FE14476B88AA5BD /* METPlugin.m in Sources */,
				8EA044159AE0467BA3234FCC /* METTimer.m in Sources */,
				A7EFE6D9979C447E9A2C3DCB /* METRetryStrategy.m in Sources */,
				F362BF2533464D8DBD500AB8 /* METNetworkReachabilityManager.m in Sources */,
				37A80229AD80457781B6479F /* METRandomValueGenerator.m in Sources */,
				9E765E8E744B4BE9A5608EBA /* GCDWebServer.m in Sources */,
				D5E1BF71F6E34D289FD8CFC3 /* GCDWebServerConnection.m in Sources */,
				481BBC3DC8884EB18DE98E13 /* GCDWebServerFunctions.m in Sources */,
				986569790700472E9C52B68E /* GCDWebServerRequest.m in Sources */,
				4B9874B5B4CA400DA0B6E8C3 /* GCDWebServerResponse.m in Sources */,
				90F001880D1F42E7A602A584 /* GCDWebServerDataRequest.m in Sources */,
				44EB9C8C3B734D0AA0399384 /* GCDWebServerFileRequest.m in Sources */,
				2E9F61357EF5482CAA81CA92 /* GCDWebServerMultiPartFormRequest.m in Sources */,
				ABA1E5D277A24E97A0993A6B /* GCDWebServerURLEncodedFormRequest.m in Sources */,
				CC650F626F804714A3D30BF5 /* GCDWebServerDataResponse.m in Sources */,
				B2D087658D3C4A579A8366D4 /* GCDWebServerErrorResponse.m in Sources */,
				955B2D0731F343DCB00BB998 /* GCDWebServerFileResponse.m in Sources */,
				5AF01707CE744438A176E035 /* GCDWebServerStreamedResponse.m in Sources */,
				BD87F58181704E9682A6D494 /* CDVStatusBar.m in Sources */,
			);
			runOnlyForDeploymentPostprocessing = 0;
		};
/* End PBXSourcesBuildPhase section */

/* Begin PBXTargetDependency section */
		301BF551109A68C00062928A /* PBXTargetDependency */ = {
			isa = PBXTargetDependency;
			name = CordovaLib;
			targetProxy = 301BF550109A68C00062928A /* PBXContainerItemProxy */;
		};
/* End PBXTargetDependency section */

/* Begin XCBuildConfiguration section */
		1D6058940D05DD3E006BFB54 /* Debug */ = {
			isa = XCBuildConfiguration;
			baseConfigurationReference = 3047A50F1AB8059700498E2A /* build-debug.xcconfig */;
			buildSettings = {
				ALWAYS_SEARCH_USER_PATHS = NO;
				ASSETCATALOG_COMPILER_APPICON_NAME = AppIcon;
				ASSETCATALOG_COMPILER_LAUNCHIMAGE_NAME = LaunchImage;
				CLANG_ENABLE_MODULES = YES;
				CLANG_ENABLE_OBJC_ARC = YES;
				COPY_PHASE_STRIP = NO;
				GCC_DYNAMIC_NO_PIC = NO;
				GCC_OPTIMIZATION_LEVEL = 0;
				GCC_PRECOMPILE_PREFIX_HEADER = YES;
				GCC_PREFIX_HEADER = "Just adit online/Just adit online-Prefix.pch";
				GCC_THUMB_SUPPORT = NO;
				GCC_VERSION = "";
				INFOPLIST_FILE = "Just adit online/Just adit online-Info.plist";
				IPHONEOS_DEPLOYMENT_TARGET = 9.0;
				LD_RUNPATH_SEARCH_PATHS = "@executable_path/Frameworks";
				TARGETED_DEVICE_FAMILY = "1,2";
				PRODUCT_NAME = "Just adit online";
				SWIFT_VERSION = 3.0;
			};
			name = Debug;
		};
		1D6058950D05DD3E006BFB54 /* Release */ = {
			isa = XCBuildConfiguration;
			baseConfigurationReference = 3047A5101AB8059700498E2A /* build-release.xcconfig */;
			buildSettings = {
				ALWAYS_SEARCH_USER_PATHS = NO;
				ASSETCATALOG_COMPILER_APPICON_NAME = AppIcon;
				ASSETCATALOG_COMPILER_LAUNCHIMAGE_NAME = LaunchImage;
				CLANG_ENABLE_MODULES = YES;
				CLANG_ENABLE_OBJC_ARC = YES;
				COPY_PHASE_STRIP = YES;
				GCC_PRECOMPILE_PREFIX_HEADER = YES;
				GCC_PREFIX_HEADER = "Just adit online/Just adit online-Prefix.pch";
				GCC_THUMB_SUPPORT = NO;
				GCC_VERSION = "";
				INFOPLIST_FILE = "Just adit online/Just adit online-Info.plist";
				IPHONEOS_DEPLOYMENT_TARGET = 9.0;
				LD_RUNPATH_SEARCH_PATHS = "@executable_path/Frameworks";
				TARGETED_DEVICE_FAMILY = "1,2";
				PRODUCT_NAME = "Just adit online";
				SWIFT_VERSION = 3.0;
			};
			name = Release;
		};
		C01FCF4F08A954540054247B /* Debug */ = {
			isa = XCBuildConfiguration;
			baseConfigurationReference = 3047A5111AB8059700498E2A /* build.xcconfig */;
			buildSettings = {
				CLANG_ENABLE_MODULES = YES;
				CLANG_ENABLE_OBJC_ARC = YES;
				CLANG_WARN_BOOL_CONVERSION = YES;
				CLANG_WARN_CONSTANT_CONVERSION = YES;
				CLANG_WARN_EMPTY_BODY = YES;
				CLANG_WARN_ENUM_CONVERSION = YES;
				CLANG_WARN_INT_CONVERSION = YES;
				CLANG_WARN__DUPLICATE_METHOD_MATCH = YES;
				GCC_C_LANGUAGE_STANDARD = c99;
				GCC_THUMB_SUPPORT = NO;
				GCC_VERSION = "";
				GCC_WARN_ABOUT_RETURN_TYPE = YES;
				GCC_WARN_UNDECLARED_SELECTOR = YES;
				GCC_WARN_UNINITIALIZED_AUTOS = YES;
				GCC_WARN_UNUSED_FUNCTION = YES;
				GCC_WARN_UNUSED_VARIABLE = YES;
				ONLY_ACTIVE_ARCH = YES;
				SDKROOT = iphoneos;
				SKIP_INSTALL = NO;
				ASSETCATALOG_COMPILER_LAUNCHIMAGE_NAME = LaunchImage;
				SWIFT_VERSION = 3.0;
			};
			name = Debug;
		};
		C01FCF5008A954540054247B /* Release */ = {
			isa = XCBuildConfiguration;
			baseConfigurationReference = 3047A5111AB8059700498E2A /* build.xcconfig */;
			buildSettings = {
				CLANG_ENABLE_MODULES = YES;
				CLANG_ENABLE_OBJC_ARC = YES;
				CLANG_WARN_BOOL_CONVERSION = YES;
				CLANG_WARN_CONSTANT_CONVERSION = YES;
				CLANG_WARN_EMPTY_BODY = YES;
				CLANG_WARN_ENUM_CONVERSION = YES;
				CLANG_WARN_INT_CONVERSION = YES;
				CLANG_WARN__DUPLICATE_METHOD_MATCH = YES;
				GCC_C_LANGUAGE_STANDARD = c99;
				GCC_THUMB_SUPPORT = NO;
				GCC_VERSION = "";
				GCC_WARN_ABOUT_RETURN_TYPE = YES;
				GCC_WARN_UNDECLARED_SELECTOR = YES;
				GCC_WARN_UNINITIALIZED_AUTOS = YES;
				GCC_WARN_UNUSED_FUNCTION = YES;
				GCC_WARN_UNUSED_VARIABLE = YES;
				SDKROOT = iphoneos;
				SKIP_INSTALL = NO;
				ASSETCATALOG_COMPILER_LAUNCHIMAGE_NAME = LaunchImage;
				SWIFT_VERSION = 3.0;
			};
			name = Release;
		};
/* End XCBuildConfiguration section */

/* Begin XCConfigurationList section */
		1D6058960D05DD3E006BFB54 /* Build configuration list for PBXNativeTarget "Just adit online" */ = {
			isa = XCConfigurationList;
			buildConfigurations = (
				1D6058940D05DD3E006BFB54 /* Debug */,
				1D6058950D05DD3E006BFB54 /* Release */,
			);
			defaultConfigurationIsVisible = 0;
			defaultConfigurationName = Release;
		};
		C01FCF4E08A954540054247B /* Build configuration list for PBXProject "__NON-CLI__" */ = {
			isa = XCConfigurationList;
			buildConfigurations = (
				C01FCF4F08A954540054247B /* Debug */,
				C01FCF5008A954540054247B /* Release */,
			);
			defaultConfigurationIsVisible = 0;
			defaultConfigurationName = Release;
		};
/* End XCConfigurationList section */
	};
	rootObject = 29B97313FDCFA39411CA2CEA /* Project object */;
}
